// !$*UTF8*$!
{
	archiveVersion = 1;
	classes = {
	};
	objectVersion = 46;
	objects = {

/* Begin PBXBuildFile section */
		BE9A07C019D71AC0009EAC93 /* AppDelegate.swift in Sources */ = {isa = PBXBuildFile; fileRef = BE9A07BF19D71AC0009EAC93 /* AppDelegate.swift */; };
		BE9A07C219D71AC0009EAC93 /* ViewController.swift in Sources */ = {isa = PBXBuildFile; fileRef = BE9A07C119D71AC0009EAC93 /* ViewController.swift */; };
		BE9A07C519D71AC0009EAC93 /* Main.storyboard in Resources */ = {isa = PBXBuildFile; fileRef = BE9A07C319D71AC0009EAC93 /* Main.storyboard */; };
		BE9A07C719D71AC0009EAC93 /* Images.xcassets in Resources */ = {isa = PBXBuildFile; fileRef = BE9A07C619D71AC0009EAC93 /* Images.xcassets */; };
		BE9A07CA19D71AC0009EAC93 /* LaunchScreen.xib in Resources */ = {isa = PBXBuildFile; fileRef = BE9A07C819D71AC0009EAC93 /* LaunchScreen.xib */; };
		BE9A07D619D71AC0009EAC93 /* marioTests.swift in Sources */ = {isa = PBXBuildFile; fileRef = BE9A07D519D71AC0009EAC93 /* marioTests.swift */; };
/* End PBXBuildFile section */

/* Begin PBXContainerItemProxy section */
		BE9A07D019D71AC0009EAC93 /* PBXContainerItemProxy */ = {
			isa = PBXContainerItemProxy;
			containerPortal = BE9A07B219D71AC0009EAC93 /* Project object */;
			proxyType = 1;
			remoteGlobalIDString = BE9A07B919D71AC0009EAC93;
			remoteInfo = mario;
		};
/* End PBXContainerItemProxy section */

/* Begin PBXFileReference section */
		BE9A07BA19D71AC0009EAC93 /* mario.app */ = {isa = PBXFileReference; explicitFileType = wrapper.application; includeInIndex = 0; path = mario.app; sourceTree = BUILT_PRODUCTS_DIR; };
		BE9A07BE19D71AC0009EAC93 /* Info.plist */ = {isa = PBXFileReference; lastKnownFileType = text.plist.xml; path = Info.plist; sourceTree = "<group>"; };
		BE9A07BF19D71AC0009EAC93 /* AppDelegate.swift */ = {isa = PBXFileReference; lastKnownFileType = sourcecode.swift; path = AppDelegate.swift; sourceTree = "<group>"; };
		BE9A07C119D71AC0009EAC93 /* ViewController.swift */ = {isa = PBXFileReference; lastKnownFileType = sourcecode.swift; path = ViewController.swift; sourceTree = "<group>"; };
		BE9A07C419D71AC0009EAC93 /* Base */ = {isa = PBXFileReference; lastKnownFileType = file.storyboard; name = Base; path = Base.lproj/Main.storyboard; sourceTree = "<group>"; };
		BE9A07C619D71AC0009EAC93 /* Images.xcassets */ = {isa = PBXFileReference; lastKnownFileType = folder.assetcatalog; path = Images.xcassets; sourceTree = "<group>"; };
		BE9A07C919D71AC0009EAC93 /* Base */ = {isa = PBXFileReference; lastKnownFileType = file.xib; name = Base; path = Base.lproj/LaunchScreen.xib; sourceTree = "<group>"; };
		BE9A07CF19D71AC0009EAC93 /* marioTests.xctest */ = {isa = PBXFileReference; explicitFileType = wrapper.cfbundle; includeInIndex = 0; path = marioTests.xctest; sourceTree = BUILT_PRODUCTS_DIR; };
		BE9A07D419D71AC0009EAC93 /* Info.plist */ = {isa = PBXFileReference; lastKnownFileType = text.plist.xml; path = Info.plist; sourceTree = "<group>"; };
		BE9A07D519D71AC0009EAC93 /* marioTests.swift */ = {isa = PBXFileReference; lastKnownFileType = sourcecode.swift; path = marioTests.swift; sourceTree = "<group>"; };
/* End PBXFileReference section */

/* Begin PBXFrameworksBuildPhase section */
		BE9A07B719D71AC0009EAC93 /* Frameworks */ = {
			isa = PBXFrameworksBuildPhase;
			buildActionMask = 2147483647;
			files = (
			);
			runOnlyForDeploymentPostprocessing = 0;
		};
		BE9A07CC19D71AC0009EAC93 /* Frameworks */ = {
			isa = PBXFrameworksBuildPhase;
			buildActionMask = 2147483647;
			files = (
			);
			runOnlyForDeploymentPostprocessing = 0;
		};
/* End PBXFrameworksBuildPhase section */

/* Begin PBXGroup section */
		BE9A07B119D71AC0009EAC93 = {
			isa = PBXGroup;
			children = (
				BE9A07BC19D71AC0009EAC93 /* mario */,
				BE9A07D219D71AC0009EAC93 /* marioTests */,
				BE9A07BB19D71AC0009EAC93 /* Products */,
			);
			sourceTree = "<group>";
		};
		BE9A07BB19D71AC0009EAC93 /* Products */ = {
			isa = PBXGroup;
			children = (
				BE9A07BA19D71AC0009EAC93 /* mario.app */,
				BE9A07CF19D71AC0009EAC93 /* marioTests.xctest */,
			);
			name = Products;
			sourceTree = "<group>";
		};
		BE9A07BC19D71AC0009EAC93 /* mario */ = {
			isa = PBXGroup;
			children = (
				BE9A07BF19D71AC0009EAC93 /* AppDelegate.swift */,
				BE9A07C119D71AC0009EAC93 /* ViewController.swift */,
				BE9A07C319D71AC0009EAC93 /* Main.storyboard */,
				BE9A07C619D71AC0009EAC93 /* Images.xcassets */,
				BE9A07C819D71AC0009EAC93 /* LaunchScreen.xib */,
				BE9A07BD19D71AC0009EAC93 /* Supporting Files */,
			);
			path = mario;
			sourceTree = "<group>";
		};
		BE9A07BD19D71AC0009EAC93 /* Supporting Files */ = {
			isa = PBXGroup;
			children = (
				BE9A07BE19D71AC0009EAC93 /* Info.plist */,
			);
			name = "Supporting Files";
			sourceTree = "<group>";
		};
		BE9A07D219D71AC0009EAC93 /* marioTests */ = {
			isa = PBXGroup;
			children = (
				BE9A07D519D71AC0009EAC93 /* marioTests.swift */,
				BE9A07D319D71AC0009EAC93 /* Supporting Files */,
			);
			path = marioTests;
			sourceTree = "<group>";
		};
		BE9A07D319D71AC0009EAC93 /* Supporting Files */ = {
			isa = PBXGroup;
			children = (
				BE9A07D419D71AC0009EAC93 /* Info.plist */,
			);
			name = "Supporting Files";
			sourceTree = "<group>";
		};
/* End PBXGroup section */

/* Begin PBXNativeTarget section */
		BE9A07B919D71AC0009EAC93 /* mario */ = {
			isa = PBXNativeTarget;
			buildConfigurationList = BE9A07D919D71AC0009EAC93 /* Build configuration list for PBXNativeTarget "mario" */;
			buildPhases = (
				BE9A07B619D71AC0009EAC93 /* Sources */,
				BE9A07B719D71AC0009EAC93 /* Frameworks */,
				BE9A07B819D71AC0009EAC93 /* Resources */,
			);
			buildRules = (
			);
			dependencies = (
			);
			name = mario;
			productName = mario;
			productReference = BE9A07BA19D71AC0009EAC93 /* mario.app */;
			productType = "com.apple.product-type.application";
		};
		BE9A07CE19D71AC0009EAC93 /* marioTests */ = {
			isa = PBXNativeTarget;
			buildConfigurationList = BE9A07DC19D71AC0009EAC93 /* Build configuration list for PBXNativeTarget "marioTests" */;
			buildPhases = (
				BE9A07CB19D71AC0009EAC93 /* Sources */,
				BE9A07CC19D71AC0009EAC93 /* Frameworks */,
				BE9A07CD19D71AC0009EAC93 /* Resources */,
			);
			buildRules = (
			);
			dependencies = (
				BE9A07D119D71AC0009EAC93 /* PBXTargetDependency */,
			);
			name = marioTests;
			productName = marioTests;
			productReference = BE9A07CF19D71AC0009EAC93 /* marioTests.xctest */;
			productType = "com.apple.product-type.bundle.unit-test";
		};
/* End PBXNativeTarget section */

/* Begin PBXProject section */
		BE9A07B219D71AC0009EAC93 /* Project object */ = {
			isa = PBXProject;
			attributes = {
				LastUpgradeCheck = 0610;
				ORGANIZATIONNAME = "James Nocentini";
				TargetAttributes = {
					BE9A07B919D71AC0009EAC93 = {
						CreatedOnToolsVersion = 6.1;
					};
					BE9A07CE19D71AC0009EAC93 = {
						CreatedOnToolsVersion = 6.1;
						TestTargetID = BE9A07B919D71AC0009EAC93;
					};
				};
			};
			buildConfigurationList = BE9A07B519D71AC0009EAC93 /* Build configuration list for PBXProject "mario" */;
			compatibilityVersion = "Xcode 3.2";
			developmentRegion = English;
			hasScannedForEncodings = 0;
			knownRegions = (
				en,
				Base,
			);
			mainGroup = BE9A07B119D71AC0009EAC93;
			productRefGroup = BE9A07BB19D71AC0009EAC93 /* Products */;
			projectDirPath = "";
			projectRoot = "";
			targets = (
				BE9A07B919D71AC0009EAC93 /* mario */,
				BE9A07CE19D71AC0009EAC93 /* marioTests */,
			);
		};
/* End PBXProject section */

/* Begin PBXResourcesBuildPhase section */
		BE9A07B819D71AC0009EAC93 /* Resources */ = {
			isa = PBXResourcesBuildPhase;
			buildActionMask = 2147483647;
			files = (
				BE9A07C519D71AC0009EAC93 /* Main.storyboard in Resources */,
				BE9A07CA19D71AC0009EAC93 /* LaunchScreen.xib in Resources */,
				BE9A07C719D71AC0009EAC93 /* Images.xcassets in Resources */,
			);
			runOnlyForDeploymentPostprocessing = 0;
		};
		BE9A07CD19D71AC0009EAC93 /* Resources */ = {
			isa = PBXResourcesBuildPhase;
			buildActionMask = 2147483647;
			files = (
			);
			runOnlyForDeploymentPostprocessing = 0;
		};
/* End PBXResourcesBuildPhase section */

/* Begin PBXSourcesBuildPhase section */
		BE9A07B619D71AC0009EAC93 /* Sources */ = {
			isa = PBXSourcesBuildPhase;
			buildActionMask = 2147483647;
			files = (
				BE9A07C219D71AC0009EAC93 /* ViewController.swift in Sources */,
				BE9A07C019D71AC0009EAC93 /* AppDelegate.swift in Sources */,
			);
			runOnlyForDeploymentPostprocessing = 0;
		};
		BE9A07CB19D71AC0009EAC93 /* Sources */ = {
			isa = PBXSourcesBuildPhase;
			buildActionMask = 2147483647;
			files = (
				BE9A07D619D71AC0009EAC93 /* marioTests.swift in Sources */,
			);
			runOnlyForDeploymentPostprocessing = 0;
		};
/* End PBXSourcesBuildPhase section */

/* Begin PBXTargetDependency section */
		BE9A07D119D71AC0009EAC93 /* PBXTargetDependency */ = {
			isa = PBXTargetDependency;
			target = BE9A07B919D71AC0009EAC93 /* mario */;
			targetProxy = BE9A07D019D71AC0009EAC93 /* PBXContainerItemProxy */;
		};
/* End PBXTargetDependency section */

/* Begin PBXVariantGroup section */
		BE9A07C319D71AC0009EAC93 /* Main.storyboard */ = {
			isa = PBXVariantGroup;
			children = (
				BE9A07C419D71AC0009EAC93 /* Base */,
			);
			name = Main.storyboard;
			sourceTree = "<group>";
		};
		BE9A07C819D71AC0009EAC93 /* LaunchScreen.xib */ = {
			isa = PBXVariantGroup;
			children = (
				BE9A07C919D71AC0009EAC93 /* Base */,
			);
			name = LaunchScreen.xib;
			sourceTree = "<group>";
		};
/* End PBXVariantGroup section */

/* Begin XCBuildConfiguration section */
		BE9A07D719D71AC0009EAC93 /* Debug */ = {
			isa = XCBuildConfiguration;
			buildSettings = {
				ALWAYS_SEARCH_USER_PATHS = NO;
				CLANG_CXX_LANGUAGE_STANDARD = "gnu++0x";
				CLANG_CXX_LIBRARY = "libc++";
				CLANG_ENABLE_MODULES = YES;
				CLANG_ENABLE_OBJC_ARC = YES;
				CLANG_WARN_BOOL_CONVERSION = YES;
				CLANG_WARN_CONSTANT_CONVERSION = YES;
				CLANG_WARN_DIRECT_OBJC_ISA_USAGE = YES_ERROR;
				CLANG_WARN_EMPTY_BODY = YES;
				CLANG_WARN_ENUM_CONVERSION = YES;
				CLANG_WARN_INT_CONVERSION = YES;
				CLANG_WARN_OBJC_ROOT_CLASS = YES_ERROR;
				CLANG_WARN_UNREACHABLE_CODE = YES;
				CLANG_WARN__DUPLICATE_METHOD_MATCH = YES;
				"CODE_SIGN_IDENTITY[sdk=iphoneos*]" = "iPhone Developer";
				COPY_PHASE_STRIP = NO;
				ENABLE_STRICT_OBJC_MSGSEND = YES;
				GCC_C_LANGUAGE_STANDARD = gnu99;
				GCC_DYNAMIC_NO_PIC = NO;
				GCC_OPTIMIZATION_LEVEL = 0;
				GCC_PREPROCESSOR_DEFINITIONS = (
					"DEBUG=1",
					"$(inherited)",
				);
				GCC_SYMBOLS_PRIVATE_EXTERN = NO;
				GCC_WARN_64_TO_32_BIT_CONVERSION = YES;
				GCC_WARN_ABOUT_RETURN_TYPE = YES_ERROR;
				GCC_WARN_UNDECLARED_SELECTOR = YES;
				GCC_WARN_UNINITIALIZED_AUTOS = YES_AGGRESSIVE;
				GCC_WARN_UNUSED_FUNCTION = YES;
				GCC_WARN_UNUSED_VARIABLE = YES;
				IPHONEOS_DEPLOYMENT_TARGET = 8.0;
				MTL_ENABLE_DEBUG_INFO = YES;
				ONLY_ACTIVE_ARCH = YES;
				SDKROOT = iphoneos;
				SWIFT_OPTIMIZATION_LEVEL = "-Onone";
			};
			name = Debug;
		};
		BE9A07D819D71AC0009EAC93 /* Release */ = {
			isa = XCBuildConfiguration;
			buildSettings = {
				ALWAYS_SEARCH_USER_PATHS = NO;
				CLANG_CXX_LANGUAGE_STANDARD = "gnu++0x";
				CLANG_CXX_LIBRARY = "libc++";
				CLANG_ENABLE_MODULES = YES;
				CLANG_ENABLE_OBJC_ARC = YES;
				CLANG_WARN_BOOL_CONVERSION = YES;
				CLANG_WARN_CONSTANT_CONVERSION = YES;
				CLANG_WARN_DIRECT_OBJC_ISA_USAGE = YES_ERROR;
				CLANG_WARN_EMPTY_BODY = YES;
				CLANG_WARN_ENUM_CONVERSION = YES;
				CLANG_WARN_INT_CONVERSION = YES;
				CLANG_WARN_OBJC_ROOT_CLASS = YES_ERROR;
				CLANG_WARN_UNREACHABLE_CODE = YES;
				CLANG_WARN__DUPLICATE_METHOD_MATCH = YES;
				"CODE_SIGN_IDENTITY[sdk=iphoneos*]" = "iPhone Developer";
				COPY_PHASE_STRIP = YES;
				ENABLE_NS_ASSERTIONS = NO;
				ENABLE_STRICT_OBJC_MSGSEND = YES;
				GCC_C_LANGUAGE_STANDARD = gnu99;
				GCC_WARN_64_TO_32_BIT_CONVERSION = YES;
				GCC_WARN_ABOUT_RETURN_TYPE = YES_ERROR;
				GCC_WARN_UNDECLARED_SELECTOR = YES;
				GCC_WARN_UNINITIALIZED_AUTOS = YES_AGGRESSIVE;
				GCC_WARN_UNUSED_FUNCTION = YES;
				GCC_WARN_UNUSED_VARIABLE = YES;
				IPHONEOS_DEPLOYMENT_TARGET = 8.0;
				MTL_ENABLE_DEBUG_INFO = NO;
				SDKROOT = iphoneos;
				VALIDATE_PRODUCT = YES;
			};
			name = Release;
		};
		BE9A07DA19D71AC0009EAC93 /* Debug */ = {
			isa = XCBuildConfiguration;
			buildSettings = {
				ASSETCATALOG_COMPILER_APPICON_NAME = AppIcon;
				INFOPLIST_FILE = mario/Info.plist;
				LD_RUNPATH_SEARCH_PATHS = "$(inherited) @executable_path/Frameworks";
				PRODUCT_NAME = "$(TARGET_NAME)";
			};
			name = Debug;
		};
		BE9A07DB19D71AC0009EAC93 /* Release */ = {
			isa = XCBuildConfiguration;
			buildSettings = {
				ASSETCATALOG_COMPILER_APPICON_NAME = AppIcon;
				INFOPLIST_FILE = mario/Info.plist;
				LD_RUNPATH_SEARCH_PATHS = "$(inherited) @executable_path/Frameworks";
				PRODUCT_NAME = "$(TARGET_NAME)";
			};
			name = Release;
		};
		BE9A07DD19D71AC0009EAC93 /* Debug */ = {
			isa = XCBuildConfiguration;
			buildSettings = {
				BUNDLE_LOADER = "$(TEST_HOST)";
				FRAMEWORK_SEARCH_PATHS = (
					"$(SDKROOT)/Developer/Library/Frameworks",
					"$(inherited)",
				);
				GCC_PREPROCESSOR_DEFINITIONS = (
					"DEBUG=1",
					"$(inherited)",
				);
				INFOPLIST_FILE = marioTests/Info.plist;
				LD_RUNPATH_SEARCH_PATHS = "$(inherited) @executable_path/Frameworks @loader_path/Frameworks";
				PRODUCT_NAME = "$(TARGET_NAME)";
				TEST_HOST = "$(BUILT_PRODUCTS_DIR)/mario.app/mario";
			};
			name = Debug;
		};
		BE9A07DE19D71AC0009EAC93 /* Release */ = {
			isa = XCBuildConfiguration;
			buildSettings = {
				BUNDLE_LOADER = "$(TEST_HOST)";
				FRAMEWORK_SEARCH_PATHS = (
					"$(SDKROOT)/Developer/Library/Frameworks",
					"$(inherited)",
				);
				INFOPLIST_FILE = marioTests/Info.plist;
				LD_RUNPATH_SEARCH_PATHS = "$(inherited) @executable_path/Frameworks @loader_path/Frameworks";
				PRODUCT_NAME = "$(TARGET_NAME)";
				TEST_HOST = "$(BUILT_PRODUCTS_DIR)/mario.app/mario";
			};
			name = Release;
		};
/* End XCBuildConfiguration section */

/* Begin XCConfigurationList section */
		BE9A07B519D71AC0009EAC93 /* Build configuration list for PBXProject "mario" */ = {
			isa = XCConfigurationList;
			buildConfigurations = (
				BE9A07D719D71AC0009EAC93 /* Debug */,
				BE9A07D819D71AC0009EAC93 /* Release */,
			);
			defaultConfigurationIsVisible = 0;
			defaultConfigurationName = Release;
		};
		BE9A07D919D71AC0009EAC93 /* Build configuration list for PBXNativeTarget "mario" */ = {
			isa = XCConfigurationList;
			buildConfigurations = (
				BE9A07DA19D71AC0009EAC93 /* Debug */,
				BE9A07DB19D71AC0009EAC93 /* Release */,
			);
			defaultConfigurationIsVisible = 0;
		};
		BE9A07DC19D71AC0009EAC93 /* Build configuration list for PBXNativeTarget "marioTests" */ = {
			isa = XCConfigurationList;
			buildConfigurations = (
				BE9A07DD19D71AC0009EAC93 /* Debug */,
				BE9A07DE19D71AC0009EAC93 /* Release */,
			);
			defaultConfigurationIsVisible = 0;
		};
/* End XCConfigurationList section */
	};
	rootObject = BE9A07B219D71AC0009EAC93 /* Project object */;
}
